// !$*UTF8*$!
{
	archiveVersion = 1;
	classes = {
	};
	objectVersion = 50;
	objects = {

/* Begin PBXBuildFile section */
		BE2F7B1425F92B1700C725AF /* CardView.swift in Sources */ = {isa = PBXBuildFile; fileRef = BE2F7B1325F92B1700C725AF /* CardView.swift */; };
		BE31A0AF25F2B5070077D5EF /* HomeBottomControlsStackView.swift in Sources */ = {isa = PBXBuildFile; fileRef = BE31A0AE25F2B5070077D5EF /* HomeBottomControlsStackView.swift */; };
		BE31A0B325F345700077D5EF /* Assets.xcassets in Resources */ = {isa = PBXBuildFile; fileRef = BE31A0B225F345700077D5EF /* Assets.xcassets */; };
		BE31A0B725F347FD0077D5EF /* TopNavigationStackView.swift in Sources */ = {isa = PBXBuildFile; fileRef = BE31A0B625F347FD0077D5EF /* TopNavigationStackView.swift */; };
		BE3FF43E25EE9AFE000E31B7 /* AppDelegate.swift in Sources */ = {isa = PBXBuildFile; fileRef = BE3FF43D25EE9AFE000E31B7 /* AppDelegate.swift */; };
		BE3FF44025EE9AFE000E31B7 /* SceneDelegate.swift in Sources */ = {isa = PBXBuildFile; fileRef = BE3FF43F25EE9AFE000E31B7 /* SceneDelegate.swift */; };
		BE3FF44225EE9AFE000E31B7 /* HomeController.swift in Sources */ = {isa = PBXBuildFile; fileRef = BE3FF44125EE9AFE000E31B7 /* HomeController.swift */; };
		BE3FF44525EE9AFE000E31B7 /* Main.storyboard in Resources */ = {isa = PBXBuildFile; fileRef = BE3FF44325EE9AFE000E31B7 /* Main.storyboard */; };
		BE3FF44A25EE9AFF000E31B7 /* LaunchScreen.storyboard in Resources */ = {isa = PBXBuildFile; fileRef = BE3FF44825EE9AFF000E31B7 /* LaunchScreen.storyboard */; };
		BE3FF45425EE9F83000E31B7 /* Extensions+UIView.swift in Sources */ = {isa = PBXBuildFile; fileRef = BE3FF45325EE9F83000E31B7 /* Extensions+UIView.swift */; };
		BE4A6BAE25FBC86300861D21 /* User.swift in Sources */ = {isa = PBXBuildFile; fileRef = BE4A6BAD25FBC86300861D21 /* User.swift */; };
		BEA0D52A25FEBA04004D5194 /* CardViewModel.swift in Sources */ = {isa = PBXBuildFile; fileRef = BEA0D52925FEBA04004D5194 /* CardViewModel.swift */; };
		BEA0D52E25FECEFC004D5194 /* Advertiser.swift in Sources */ = {isa = PBXBuildFile; fileRef = BEA0D52D25FECEFC004D5194 /* Advertiser.swift */; };
		BEA6F6782609A19900ABACE8 /* CustomTextField.swift in Sources */ = {isa = PBXBuildFile; fileRef = BEA6F6772609A19900ABACE8 /* CustomTextField.swift */; };
		BEE05B822604DE1600A28ADB /* RegistrationViewController.swift in Sources */ = {isa = PBXBuildFile; fileRef = BEE05B812604DE1600A28ADB /* RegistrationViewController.swift */; };
/* End PBXBuildFile section */

/* Begin PBXFileReference section */
		BE2F7B1325F92B1700C725AF /* CardView.swift */ = {isa = PBXFileReference; lastKnownFileType = sourcecode.swift; path = CardView.swift; sourceTree = "<group>"; };
		BE31A0AE25F2B5070077D5EF /* HomeBottomControlsStackView.swift */ = {isa = PBXFileReference; lastKnownFileType = sourcecode.swift; path = HomeBottomControlsStackView.swift; sourceTree = "<group>"; };
		BE31A0B225F345700077D5EF /* Assets.xcassets */ = {isa = PBXFileReference; lastKnownFileType = folder.assetcatalog; name = Assets.xcassets; path = "../../../Downloads/[letsbuildthatapp.com] Tinder Firestore Swipe and Match/01. Laying Out User Interface/03. View Encapsulation Architecture/SwipeMatchFirestoreLBTA/SwipeMatchFirestoreLBTA/Assets.xcassets"; sourceTree = "<group>"; };
		BE31A0B625F347FD0077D5EF /* TopNavigationStackView.swift */ = {isa = PBXFileReference; lastKnownFileType = sourcecode.swift; path = TopNavigationStackView.swift; sourceTree = "<group>"; };
		BE3FF43A25EE9AFE000E31B7 /* SwipeMatchFirestore.app */ = {isa = PBXFileReference; explicitFileType = wrapper.application; includeInIndex = 0; path = SwipeMatchFirestore.app; sourceTree = BUILT_PRODUCTS_DIR; };
		BE3FF43D25EE9AFE000E31B7 /* AppDelegate.swift */ = {isa = PBXFileReference; lastKnownFileType = sourcecode.swift; path = AppDelegate.swift; sourceTree = "<group>"; };
		BE3FF43F25EE9AFE000E31B7 /* SceneDelegate.swift */ = {isa = PBXFileReference; lastKnownFileType = sourcecode.swift; path = SceneDelegate.swift; sourceTree = "<group>"; };
		BE3FF44125EE9AFE000E31B7 /* HomeController.swift */ = {isa = PBXFileReference; lastKnownFileType = sourcecode.swift; path = HomeController.swift; sourceTree = "<group>"; };
		BE3FF44425EE9AFE000E31B7 /* Base */ = {isa = PBXFileReference; lastKnownFileType = file.storyboard; name = Base; path = Base.lproj/Main.storyboard; sourceTree = "<group>"; };
		BE3FF44925EE9AFF000E31B7 /* Base */ = {isa = PBXFileReference; lastKnownFileType = file.storyboard; name = Base; path = Base.lproj/LaunchScreen.storyboard; sourceTree = "<group>"; };
		BE3FF44B25EE9AFF000E31B7 /* Info.plist */ = {isa = PBXFileReference; lastKnownFileType = text.plist.xml; path = Info.plist; sourceTree = "<group>"; };
		BE3FF45325EE9F83000E31B7 /* Extensions+UIView.swift */ = {isa = PBXFileReference; fileEncoding = 4; lastKnownFileType = sourcecode.swift; path = "Extensions+UIView.swift"; sourceTree = "<group>"; };
		BE4A6BAD25FBC86300861D21 /* User.swift */ = {isa = PBXFileReference; lastKnownFileType = sourcecode.swift; path = User.swift; sourceTree = "<group>"; };
		BEA0D52925FEBA04004D5194 /* CardViewModel.swift */ = {isa = PBXFileReference; lastKnownFileType = sourcecode.swift; path = CardViewModel.swift; sourceTree = "<group>"; };
		BEA0D52D25FECEFC004D5194 /* Advertiser.swift */ = {isa = PBXFileReference; lastKnownFileType = sourcecode.swift; path = Advertiser.swift; sourceTree = "<group>"; };
		BEA6F6772609A19900ABACE8 /* CustomTextField.swift */ = {isa = PBXFileReference; lastKnownFileType = sourcecode.swift; path = CustomTextField.swift; sourceTree = "<group>"; };
		BEE05B812604DE1600A28ADB /* RegistrationViewController.swift */ = {isa = PBXFileReference; lastKnownFileType = sourcecode.swift; path = RegistrationViewController.swift; sourceTree = "<group>"; };
/* End PBXFileReference section */

/* Begin PBXFrameworksBuildPhase section */
		BE3FF43725EE9AFE000E31B7 /* Frameworks */ = {
			isa = PBXFrameworksBuildPhase;
			buildActionMask = 2147483647;
			files = (
			);
			runOnlyForDeploymentPostprocessing = 0;
		};
/* End PBXFrameworksBuildPhase section */

/* Begin PBXGroup section */
		BE31A0AD25F2B4B50077D5EF /* Views */ = {
			isa = PBXGroup;
			children = (
				BE31A0AE25F2B5070077D5EF /* HomeBottomControlsStackView.swift */,
				BE31A0B625F347FD0077D5EF /* TopNavigationStackView.swift */,
				BE2F7B1325F92B1700C725AF /* CardView.swift */,
				BEA6F6772609A19900ABACE8 /* CustomTextField.swift */,
			);
			path = Views;
			sourceTree = "<group>";
		};
		BE3FF43125EE9AFE000E31B7 = {
			isa = PBXGroup;
			children = (
				BE3FF43C25EE9AFE000E31B7 /* SwipeMatchFirestore */,
				BE3FF43B25EE9AFE000E31B7 /* Products */,
			);
			sourceTree = "<group>";
		};
		BE3FF43B25EE9AFE000E31B7 /* Products */ = {
			isa = PBXGroup;
			children = (
				BE3FF43A25EE9AFE000E31B7 /* SwipeMatchFirestore.app */,
			);
			name = Products;
			sourceTree = "<group>";
		};
		BE3FF43C25EE9AFE000E31B7 /* SwipeMatchFirestore */ = {
			isa = PBXGroup;
			children = (
				BEA0D52825FEB9DC004D5194 /* ViewModels */,
				BE4A6BAC25FBC84E00861D21 /* Model */,
				BE31A0AD25F2B4B50077D5EF /* Views */,
				BEA0D52625FE7B15004D5194 /* Controllers */,
				BE3FF45225EE9F66000E31B7 /* Extensions */,
				BE3FF43D25EE9AFE000E31B7 /* AppDelegate.swift */,
				BE3FF43F25EE9AFE000E31B7 /* SceneDelegate.swift */,
				BE3FF44325EE9AFE000E31B7 /* Main.storyboard */,
				BE31A0B225F345700077D5EF /* Assets.xcassets */,
				BE3FF44825EE9AFF000E31B7 /* LaunchScreen.storyboard */,
				BE3FF44B25EE9AFF000E31B7 /* Info.plist */,
			);
			path = SwipeMatchFirestore;
			sourceTree = "<group>";
		};
		BE3FF45225EE9F66000E31B7 /* Extensions */ = {
			isa = PBXGroup;
			children = (
				BE3FF45325EE9F83000E31B7 /* Extensions+UIView.swift */,
			);
			path = Extensions;
			sourceTree = "<group>";
		};
		BE4A6BAC25FBC84E00861D21 /* Model */ = {
			isa = PBXGroup;
			children = (
				BE4A6BAD25FBC86300861D21 /* User.swift */,
				BEA0D52D25FECEFC004D5194 /* Advertiser.swift */,
			);
			path = Model;
			sourceTree = "<group>";
		};
		BEA0D52625FE7B15004D5194 /* Controllers */ = {
			isa = PBXGroup;
			children = (
				BE3FF44125EE9AFE000E31B7 /* HomeController.swift */,
				BEE05B812604DE1600A28ADB /* RegistrationViewController.swift */,
			);
			path = Controllers;
			sourceTree = "<group>";
		};
		BEA0D52825FEB9DC004D5194 /* ViewModels */ = {
			isa = PBXGroup;
			children = (
				BEA0D52925FEBA04004D5194 /* CardViewModel.swift */,
			);
			path = ViewModels;
			sourceTree = "<group>";
		};
/* End PBXGroup section */

/* Begin PBXNativeTarget section */
		BE3FF43925EE9AFE000E31B7 /* SwipeMatchFirestore */ = {
			isa = PBXNativeTarget;
			buildConfigurationList = BE3FF44E25EE9AFF000E31B7 /* Build configuration list for PBXNativeTarget "SwipeMatchFirestore" */;
			buildPhases = (
				BE3FF43625EE9AFE000E31B7 /* Sources */,
				BE3FF43725EE9AFE000E31B7 /* Frameworks */,
				BE3FF43825EE9AFE000E31B7 /* Resources */,
			);
			buildRules = (
			);
			dependencies = (
			);
			name = SwipeMatchFirestore;
			productName = SwipeMatchFirestore;
			productReference = BE3FF43A25EE9AFE000E31B7 /* SwipeMatchFirestore.app */;
			productType = "com.apple.product-type.application";
		};
/* End PBXNativeTarget section */

/* Begin PBXProject section */
		BE3FF43225EE9AFE000E31B7 /* Project object */ = {
			isa = PBXProject;
			attributes = {
				LastSwiftUpdateCheck = 1240;
				LastUpgradeCheck = 1240;
				TargetAttributes = {
					BE3FF43925EE9AFE000E31B7 = {
						CreatedOnToolsVersion = 12.4;
					};
				};
			};
			buildConfigurationList = BE3FF43525EE9AFE000E31B7 /* Build configuration list for PBXProject "SwipeMatchFirestore" */;
			compatibilityVersion = "Xcode 9.3";
			developmentRegion = en;
			hasScannedForEncodings = 0;
			knownRegions = (
				en,
				Base,
			);
			mainGroup = BE3FF43125EE9AFE000E31B7;
			productRefGroup = BE3FF43B25EE9AFE000E31B7 /* Products */;
			projectDirPath = "";
			projectRoot = "";
			targets = (
				BE3FF43925EE9AFE000E31B7 /* SwipeMatchFirestore */,
			);
		};
/* End PBXProject section */

/* Begin PBXResourcesBuildPhase section */
		BE3FF43825EE9AFE000E31B7 /* Resources */ = {
			isa = PBXResourcesBuildPhase;
			buildActionMask = 2147483647;
			files = (
				BE3FF44A25EE9AFF000E31B7 /* LaunchScreen.storyboard in Resources */,
				BE31A0B325F345700077D5EF /* Assets.xcassets in Resources */,
				BE3FF44525EE9AFE000E31B7 /* Main.storyboard in Resources */,
			);
			runOnlyForDeploymentPostprocessing = 0;
		};
/* End PBXResourcesBuildPhase section */

/* Begin PBXSourcesBuildPhase section */
		BE3FF43625EE9AFE000E31B7 /* Sources */ = {
			isa = PBXSourcesBuildPhase;
			buildActionMask = 2147483647;
			files = (
				BEA0D52E25FECEFC004D5194 /* Advertiser.swift in Sources */,
				BE2F7B1425F92B1700C725AF /* CardView.swift in Sources */,
				BE3FF44225EE9AFE000E31B7 /* HomeController.swift in Sources */,
				BEE05B822604DE1600A28ADB /* RegistrationViewController.swift in Sources */,
				BE3FF43E25EE9AFE000E31B7 /* AppDelegate.swift in Sources */,
				BE31A0AF25F2B5070077D5EF /* HomeBottomControlsStackView.swift in Sources */,
				BE4A6BAE25FBC86300861D21 /* User.swift in Sources */,
				BE3FF45425EE9F83000E31B7 /* Extensions+UIView.swift in Sources */,
				BEA6F6782609A19900ABACE8 /* CustomTextField.swift in Sources */,
				BE3FF44025EE9AFE000E31B7 /* SceneDelegate.swift in Sources */,
				BE31A0B725F347FD0077D5EF /* TopNavigationStackView.swift in Sources */,
				BEA0D52A25FEBA04004D5194 /* CardViewModel.swift in Sources */,
			);
			runOnlyForDeploymentPostprocessing = 0;
		};
/* End PBXSourcesBuildPhase section */

/* Begin PBXVariantGroup section */
		BE3FF44325EE9AFE000E31B7 /* Main.storyboard */ = {
			isa = PBXVariantGroup;
			children = (
				BE3FF44425EE9AFE000E31B7 /* Base */,
			);
			name = Main.storyboard;
			sourceTree = "<group>";
		};
		BE3FF44825EE9AFF000E31B7 /* LaunchScreen.storyboard */ = {
			isa = PBXVariantGroup;
			children = (
				BE3FF44925EE9AFF000E31B7 /* Base */,
			);
			name = LaunchScreen.storyboard;
			sourceTree = "<group>";
		};
/* End PBXVariantGroup section */

/* Begin XCBuildConfiguration section */
		BE3FF44C25EE9AFF000E31B7 /* Debug */ = {
			isa = XCBuildConfiguration;
			buildSettings = {
				ALWAYS_SEARCH_USER_PATHS = NO;
				CLANG_ANALYZER_NONNULL = YES;
				CLANG_ANALYZER_NUMBER_OBJECT_CONVERSION = YES_AGGRESSIVE;
				CLANG_CXX_LANGUAGE_STANDARD = "gnu++14";
				CLANG_CXX_LIBRARY = "libc++";
				CLANG_ENABLE_MODULES = YES;
				CLANG_ENABLE_OBJC_ARC = YES;
				CLANG_ENABLE_OBJC_WEAK = YES;
				CLANG_WARN_BLOCK_CAPTURE_AUTORELEASING = YES;
				CLANG_WARN_BOOL_CONVERSION = YES;
				CLANG_WARN_COMMA = YES;
				CLANG_WARN_CONSTANT_CONVERSION = YES;
				CLANG_WARN_DEPRECATED_OBJC_IMPLEMENTATIONS = YES;
				CLANG_WARN_DIRECT_OBJC_ISA_USAGE = YES_ERROR;
				CLANG_WARN_DOCUMENTATION_COMMENTS = YES;
				CLANG_WARN_EMPTY_BODY = YES;
				CLANG_WARN_ENUM_CONVERSION = YES;
				CLANG_WARN_INFINITE_RECURSION = YES;
				CLANG_WARN_INT_CONVERSION = YES;
				CLANG_WARN_NON_LITERAL_NULL_CONVERSION = YES;
				CLANG_WARN_OBJC_IMPLICIT_RETAIN_SELF = YES;
				CLANG_WARN_OBJC_LITERAL_CONVERSION = YES;
				CLANG_WARN_OBJC_ROOT_CLASS = YES_ERROR;
				CLANG_WARN_QUOTED_INCLUDE_IN_FRAMEWORK_HEADER = YES;
				CLANG_WARN_RANGE_LOOP_ANALYSIS = YES;
				CLANG_WARN_STRICT_PROTOTYPES = YES;
				CLANG_WARN_SUSPICIOUS_MOVE = YES;
				CLANG_WARN_UNGUARDED_AVAILABILITY = YES_AGGRESSIVE;
				CLANG_WARN_UNREACHABLE_CODE = YES;
				CLANG_WARN__DUPLICATE_METHOD_MATCH = YES;
				COPY_PHASE_STRIP = NO;
				DEBUG_INFORMATION_FORMAT = dwarf;
				ENABLE_STRICT_OBJC_MSGSEND = YES;
				ENABLE_TESTABILITY = YES;
				GCC_C_LANGUAGE_STANDARD = gnu11;
				GCC_DYNAMIC_NO_PIC = NO;
				GCC_NO_COMMON_BLOCKS = YES;
				GCC_OPTIMIZATION_LEVEL = 0;
				GCC_PREPROCESSOR_DEFINITIONS = (
					"DEBUG=1",
					"$(inherited)",
				);
				GCC_WARN_64_TO_32_BIT_CONVERSION = YES;
				GCC_WARN_ABOUT_RETURN_TYPE = YES_ERROR;
				GCC_WARN_UNDECLARED_SELECTOR = YES;
				GCC_WARN_UNINITIALIZED_AUTOS = YES_AGGRESSIVE;
				GCC_WARN_UNUSED_FUNCTION = YES;
				GCC_WARN_UNUSED_VARIABLE = YES;
				IPHONEOS_DEPLOYMENT_TARGET = 14.4;
				MTL_ENABLE_DEBUG_INFO = INCLUDE_SOURCE;
				MTL_FAST_MATH = YES;
				ONLY_ACTIVE_ARCH = YES;
				SDKROOT = iphoneos;
				SWIFT_ACTIVE_COMPILATION_CONDITIONS = DEBUG;
				SWIFT_OPTIMIZATION_LEVEL = "-Onone";
			};
			name = Debug;
		};
		BE3FF44D25EE9AFF000E31B7 /* Release */ = {
			isa = XCBuildConfiguration;
			buildSettings = {
				ALWAYS_SEARCH_USER_PATHS = NO;
				CLANG_ANALYZER_NONNULL = YES;
				CLANG_ANALYZER_NUMBER_OBJECT_CONVERSION = YES_AGGRESSIVE;
				CLANG_CXX_LANGUAGE_STANDARD = "gnu++14";
				CLANG_CXX_LIBRARY = "libc++";
				CLANG_ENABLE_MODULES = YES;
				CLANG_ENABLE_OBJC_ARC = YES;
				CLANG_ENABLE_OBJC_WEAK = YES;
				CLANG_WARN_BLOCK_CAPTURE_AUTORELEASING = YES;
				CLANG_WARN_BOOL_CONVERSION = YES;
				CLANG_WARN_COMMA = YES;
				CLANG_WARN_CONSTANT_CONVERSION = YES;
				CLANG_WARN_DEPRECATED_OBJC_IMPLEMENTATIONS = YES;
				CLANG_WARN_DIRECT_OBJC_ISA_USAGE = YES_ERROR;
				CLANG_WARN_DOCUMENTATION_COMMENTS = YES;
				CLANG_WARN_EMPTY_BODY = YES;
				CLANG_WARN_ENUM_CONVERSION = YES;
				CLANG_WARN_INFINITE_RECURSION = YES;
				CLANG_WARN_INT_CONVERSION = YES;
				CLANG_WARN_NON_LITERAL_NULL_CONVERSION = YES;
				CLANG_WARN_OBJC_IMPLICIT_RETAIN_SELF = YES;
				CLANG_WARN_OBJC_LITERAL_CONVERSION = YES;
				CLANG_WARN_OBJC_ROOT_CLASS = YES_ERROR;
				CLANG_WARN_QUOTED_INCLUDE_IN_FRAMEWORK_HEADER = YES;
				CLANG_WARN_RANGE_LOOP_ANALYSIS = YES;
				CLANG_WARN_STRICT_PROTOTYPES = YES;
				CLANG_WARN_SUSPICIOUS_MOVE = YES;
				CLANG_WARN_UNGUARDED_AVAILABILITY = YES_AGGRESSIVE;
				CLANG_WARN_UNREACHABLE_CODE = YES;
				CLANG_WARN__DUPLICATE_METHOD_MATCH = YES;
				COPY_PHASE_STRIP = NO;
				DEBUG_INFORMATION_FORMAT = "dwarf-with-dsym";
				ENABLE_NS_ASSERTIONS = NO;
				ENABLE_STRICT_OBJC_MSGSEND = YES;
				GCC_C_LANGUAGE_STANDARD = gnu11;
				GCC_NO_COMMON_BLOCKS = YES;
				GCC_WARN_64_TO_32_BIT_CONVERSION = YES;
				GCC_WARN_ABOUT_RETURN_TYPE = YES_ERROR;
				GCC_WARN_UNDECLARED_SELECTOR = YES;
				GCC_WARN_UNINITIALIZED_AUTOS = YES_AGGRESSIVE;
				GCC_WARN_UNUSED_FUNCTION = YES;
				GCC_WARN_UNUSED_VARIABLE = YES;
				IPHONEOS_DEPLOYMENT_TARGET = 14.4;
				MTL_ENABLE_DEBUG_INFO = NO;
				MTL_FAST_MATH = YES;
				SDKROOT = iphoneos;
				SWIFT_COMPILATION_MODE = wholemodule;
				SWIFT_OPTIMIZATION_LEVEL = "-O";
				VALIDATE_PRODUCT = YES;
			};
			name = Release;
		};
		BE3FF44F25EE9AFF000E31B7 /* Debug */ = {
			isa = XCBuildConfiguration;
			buildSettings = {
				ASSETCATALOG_COMPILER_APPICON_NAME = AppIcon;
				ASSETCATALOG_COMPILER_GLOBAL_ACCENT_COLOR_NAME = AccentColor;
				CODE_SIGN_IDENTITY = "Apple Development";
				CODE_SIGN_STYLE = Automatic;
				DEVELOPMENT_TEAM = 725KT2YNUR;
				INFOPLIST_FILE = SwipeMatchFirestore/Info.plist;
				LD_RUNPATH_SEARCH_PATHS = (
					"$(inherited)",
					"@executable_path/Frameworks",
				);
				PRODUCT_BUNDLE_IDENTIFIER = ahmedessmat.SwipeMatchFirestore;
				PRODUCT_NAME = "$(TARGET_NAME)";
				PROVISIONING_PROFILE_SPECIFIER = "";
				SWIFT_VERSION = 5.0;
				TARGETED_DEVICE_FAMILY = "1,2";
			};
			name = Debug;
		};
		BE3FF45025EE9AFF000E31B7 /* Release */ = {
			isa = XCBuildConfiguration;
			buildSettings = {
				ASSETCATALOG_COMPILER_APPICON_NAME = AppIcon;
				ASSETCATALOG_COMPILER_GLOBAL_ACCENT_COLOR_NAME = AccentColor;
				CODE_SIGN_IDENTITY = "Apple Development";
				CODE_SIGN_STYLE = Automatic;
				DEVELOPMENT_TEAM = 725KT2YNUR;
				INFOPLIST_FILE = SwipeMatchFirestore/Info.plist;
				LD_RUNPATH_SEARCH_PATHS = (
					"$(inherited)",
					"@executable_path/Frameworks",
				);
				PRODUCT_BUNDLE_IDENTIFIER = ahmedessmat.SwipeMatchFirestore;
				PRODUCT_NAME = "$(TARGET_NAME)";
				PROVISIONING_PROFILE_SPECIFIER = "";
				SWIFT_VERSION = 5.0;
				TARGETED_DEVICE_FAMILY = "1,2";
			};
			name = Release;
		};
/* End XCBuildConfiguration section */

/* Begin XCConfigurationList section */
		BE3FF43525EE9AFE000E31B7 /* Build configuration list for PBXProject "SwipeMatchFirestore" */ = {
			isa = XCConfigurationList;
			buildConfigurations = (
				BE3FF44C25EE9AFF000E31B7 /* Debug */,
				BE3FF44D25EE9AFF000E31B7 /* Release */,
			);
			defaultConfigurationIsVisible = 0;
			defaultConfigurationName = Release;
		};
		BE3FF44E25EE9AFF000E31B7 /* Build configuration list for PBXNativeTarget "SwipeMatchFirestore" */ = {
			isa = XCConfigurationList;
			buildConfigurations = (
				BE3FF44F25EE9AFF000E31B7 /* Debug */,
				BE3FF45025EE9AFF000E31B7 /* Release */,
			);
			defaultConfigurationIsVisible = 0;
			defaultConfigurationName = Release;
		};
/* End XCConfigurationList section */
	};
	rootObject = BE3FF43225EE9AFE000E31B7 /* Project object */;
}
